
Microsoft Visual Studio Solution File, Format Version 12.00
# Visual Studio 15
VisualStudioVersion = 15.0.28010.2041
MinimumVisualStudioVersion = 10.0.40219.1
Project("{FAE04EC0-301F-11D3-BF4B-00C04F79EFBC}") = "VSHelloWorld_150221057", "VSHelloWorld_150221057\VSHelloWorld_150221057.csproj", "{B628D68E-DC0C-481C-956D-1884EC33FF85}"
EndProject
Global
	GlobalSection(SolutionConfigurationPlatforms) = preSolution
		Debug|Any CPU = Debug|Any CPU
		Release|Any CPU = Release|Any CPU
	EndGlobalSection
	GlobalSection(ProjectConfigurationPlatforms) = postSolution
		{B628D68E-DC0C-481C-956D-1884EC33FF85}.Debug|Any CPU.ActiveCfg = Debug|Any CPU
		{B628D68E-DC0C-481C-956D-1884EC33FF85}.Debug|Any CPU.Build.0 = Debug|Any CPU
		{B628D68E-DC0C-481C-956D-1884EC33FF85}.Release|Any CPU.ActiveCfg = Release|Any CPU
		{B628D68E-DC0C-481C-956D-1884EC33FF85}.Release|Any CPU.Build.0 = Release|Any CPU
	EndGlobalSection
	GlobalSection(SolutionProperties) = preSolution
		HideSolutionNode = FALSE
	EndGlobalSection
	GlobalSection(ExtensibilityGlobals) = postSolution
		SolutionGuid = {DE0F6CF3-E968-4BA7-938C-57518E773C08}
	EndGlobalSection
EndGlobal
